Microsoft Visual Studio Solution File, Format Version 11.00
# Visual Studio 2008

Project("{0C029907-1A7F-E3BB-2360-BAEEC9A018D0}") = "FallingCube", "Assembly-CSharp.csproj", "{546B5F54-B908-9A6E-2A83-C06BBFA39B89}"
EndProject
Global
	GlobalSection(SolutionConfigurationPlatforms) = preSolution
		Debug|Any CPU = Debug|Any CPU
		Release|Any CPU = Release|Any CPU
	EndGlobalSection
	GlobalSection(ProjectConfigurationPlatforms) = postSolution
		{546B5F54-B908-9A6E-2A83-C06BBFA39B89}.Debug|Any CPU.ActiveCfg = Debug|Any CPU
		{546B5F54-B908-9A6E-2A83-C06BBFA39B89}.Debug|Any CPU.Build.0 = Debug|Any CPU
		{546B5F54-B908-9A6E-2A83-C06BBFA39B89}.Release|Any CPU.ActiveCfg = Release|Any CPU
		{546B5F54-B908-9A6E-2A83-C06BBFA39B89}.Release|Any CPU.Build.0 = Release|Any CPU
	EndGlobalSection
	GlobalSection(SolutionProperties) = preSolution
		HideSolutionNode = FALSE
	EndGlobalSection
	GlobalSection(MonoDevelopProperties) = preSolution
		StartupItem = Assembly-CSharp.csproj
	EndGlobalSection
EndGlobal
